// !$*UTF8*$!
{
	archiveVersion = 1;
	classes = {
	};
	objectVersion = 77;
	objects = {

/* Begin PBXBuildFile section */
		CAAB2C6CF1FCD48ED6325A60 /* libPods-معك.a in Frameworks */ = {isa = PBXBuildFile; fileRef = B7043716786110ADB1762CD7 /* libPods-معك.a */; };
/* End PBXBuildFile section */

/* Begin PBXContainerItemProxy section */
		B8A02D8E2CD52E24006C5AAC /* PBXContainerItemProxy */ = {
			isa = PBXContainerItemProxy;
			containerPortal = B8A02D6F2CD52E23006C5AAC /* Project object */;
			proxyType = 1;
			remoteGlobalIDString = B8A02D762CD52E24006C5AAC;
			remoteInfo = "معك";
		};
		B8A02D982CD52E24006C5AAC /* PBXContainerItemProxy */ = {
			isa = PBXContainerItemProxy;
			containerPortal = B8A02D6F2CD52E23006C5AAC /* Project object */;
			proxyType = 1;
			remoteGlobalIDString = B8A02D762CD52E24006C5AAC;
			remoteInfo = "معك";
		};
/* End PBXContainerItemProxy section */

/* Begin PBXFileReference section */
		A2EBAAE766112FDDB8D145E2 /* Pods-معك.debug.xcconfig */ = {isa = PBXFileReference; includeInIndex = 1; lastKnownFileType = text.xcconfig; name = "Pods-معك.debug.xcconfig"; path = "Target Support Files/Pods-معك/Pods-معك.debug.xcconfig"; sourceTree = "<group>"; };
		B7043716786110ADB1762CD7 /* libPods-معك.a */ = {isa = PBXFileReference; explicitFileType = archive.ar; includeInIndex = 0; path = "libPods-معك.a"; sourceTree = BUILT_PRODUCTS_DIR; };
		B8A02D772CD52E24006C5AAC /* معك.app */ = {isa = PBXFileReference; explicitFileType = wrapper.application; includeInIndex = 0; path = "معك.app"; sourceTree = BUILT_PRODUCTS_DIR; };
		B8A02D8D2CD52E24006C5AAC /* معكTests.xctest */ = {isa = PBXFileReference; explicitFileType = wrapper.cfbundle; includeInIndex = 0; path = "معكTests.xctest"; sourceTree = BUILT_PRODUCTS_DIR; };
		B8A02D972CD52E24006C5AAC /* معكUITests.xctest */ = {isa = PBXFileReference; explicitFileType = wrapper.cfbundle; includeInIndex = 0; path = "معكUITests.xctest"; sourceTree = BUILT_PRODUCTS_DIR; };
		BB4E98FDB30732CCC3649CED /* Pods-معك.release.xcconfig */ = {isa = PBXFileReference; includeInIndex = 1; lastKnownFileType = text.xcconfig; name = "Pods-معك.release.xcconfig"; path = "Target Support Files/Pods-معك/Pods-معك.release.xcconfig"; sourceTree = "<group>"; };
/* End PBXFileReference section */

/* Begin PBXFileSystemSynchronizedBuildFileExceptionSet section */
		B8A02D9F2CD52E24006C5AAC /* Exceptions for "معك" folder in "معك" target */ = {
			isa = PBXFileSystemSynchronizedBuildFileExceptionSet;
			membershipExceptions = (
				Info.plist,
			);
			target = B8A02D762CD52E24006C5AAC /* معك */;
		};
/* End PBXFileSystemSynchronizedBuildFileExceptionSet section */

/* Begin PBXFileSystemSynchronizedRootGroup section */
		B8A02D792CD52E24006C5AAC /* معك */ = {
			isa = PBXFileSystemSynchronizedRootGroup;
			exceptions = (
				B8A02D9F2CD52E24006C5AAC /* Exceptions for "معك" folder in "معك" target */,
			);
			path = "معك";
			sourceTree = "<group>";
		};
		B8A02D902CD52E24006C5AAC /* معكTests */ = {
			isa = PBXFileSystemSynchronizedRootGroup;
			exceptions = (
			);
			path = "معكTests";
			sourceTree = "<group>";
		};
		B8A02D9A2CD52E24006C5AAC /* معكUITests */ = {
			isa = PBXFileSystemSynchronizedRootGroup;
			exceptions = (
			);
			path = "معكUITests";
			sourceTree = "<group>";
		};
/* End PBXFileSystemSynchronizedRootGroup section */

/* Begin PBXFrameworksBuildPhase section */
		B8A02D742CD52E24006C5AAC /* Frameworks */ = {
			isa = PBXFrameworksBuildPhase;
			buildActionMask = 2147483647;
			files = (
				CAAB2C6CF1FCD48ED6325A60 /* libPods-معك.a in Frameworks */,
			);
			runOnlyForDeploymentPostprocessing = 0;
		};
		B8A02D8A2CD52E24006C5AAC /* Frameworks */ = {
			isa = PBXFrameworksBuildPhase;
			buildActionMask = 2147483647;
			files = (
			);
			runOnlyForDeploymentPostprocessing = 0;
		};
		B8A02D942CD52E24006C5AAC /* Frameworks */ = {
			isa = PBXFrameworksBuildPhase;
			buildActionMask = 2147483647;
			files = (
			);
			runOnlyForDeploymentPostprocessing = 0;
		};
/* End PBXFrameworksBuildPhase section */

/* Begin PBXGroup section */
		3F4F95F84417EA686A153CFB /* Pods */ = {
			isa = PBXGroup;
			children = (
				A2EBAAE766112FDDB8D145E2 /* Pods-معك.debug.xcconfig */,
				BB4E98FDB30732CCC3649CED /* Pods-معك.release.xcconfig */,
			);
			path = Pods;
			sourceTree = "<group>";
		};
		923D4709F8BE50A9C2793196 /* Frameworks */ = {
			isa = PBXGroup;
			children = (
				B7043716786110ADB1762CD7 /* libPods-معك.a */,
			);
			name = Frameworks;
			sourceTree = "<group>";
		};
		B8A02D6E2CD52E23006C5AAC = {
			isa = PBXGroup;
			children = (
				B8A02D792CD52E24006C5AAC /* معك */,
				B8A02D902CD52E24006C5AAC /* معكTests */,
				B8A02D9A2CD52E24006C5AAC /* معكUITests */,
				B8A02D782CD52E24006C5AAC /* Products */,
				3F4F95F84417EA686A153CFB /* Pods */,
				923D4709F8BE50A9C2793196 /* Frameworks */,
			);
			sourceTree = "<group>";
		};
		B8A02D782CD52E24006C5AAC /* Products */ = {
			isa = PBXGroup;
			children = (
				B8A02D772CD52E24006C5AAC /* معك.app */,
				B8A02D8D2CD52E24006C5AAC /* معكTests.xctest */,
				B8A02D972CD52E24006C5AAC /* معكUITests.xctest */,
			);
			name = Products;
			sourceTree = "<group>";
		};
/* End PBXGroup section */

/* Begin PBXNativeTarget section */
		B8A02D762CD52E24006C5AAC /* معك */ = {
			isa = PBXNativeTarget;
			buildConfigurationList = B8A02DA02CD52E24006C5AAC /* Build configuration list for PBXNativeTarget "معك" */;
			buildPhases = (
				6C563771723B5C5C6CFCFD49 /* [CP] Check Pods Manifest.lock */,
				B8A02D732CD52E24006C5AAC /* Sources */,
				B8A02D742CD52E24006C5AAC /* Frameworks */,
				B8A02D752CD52E24006C5AAC /* Resources */,
				944A174B379BD355F9C9AFAB /* [CP] Copy Pods Resources */,
			);
			buildRules = (
			);
			dependencies = (
			);
			fileSystemSynchronizedGroups = (
				B8A02D792CD52E24006C5AAC /* معك */,
			);
			name = "معك";
			productName = "معك";
			productReference = B8A02D772CD52E24006C5AAC /* معك.app */;
			productType = "com.apple.product-type.application";
		};
		B8A02D8C2CD52E24006C5AAC /* معكTests */ = {
			isa = PBXNativeTarget;
			buildConfigurationList = B8A02DA52CD52E24006C5AAC /* Build configuration list for PBXNativeTarget "معكTests" */;
			buildPhases = (
				B8A02D892CD52E24006C5AAC /* Sources */,
				B8A02D8A2CD52E24006C5AAC /* Frameworks */,
				B8A02D8B2CD52E24006C5AAC /* Resources */,
			);
			buildRules = (
			);
			dependencies = (
				B8A02D8F2CD52E24006C5AAC /* PBXTargetDependency */,
			);
			fileSystemSynchronizedGroups = (
				B8A02D902CD52E24006C5AAC /* معكTests */,
			);
			name = "معكTests";
			productName = "معكTests";
			productReference = B8A02D8D2CD52E24006C5AAC /* معكTests.xctest */;
			productType = "com.apple.product-type.bundle.unit-test";
		};
		B8A02D962CD52E24006C5AAC /* معكUITests */ = {
			isa = PBXNativeTarget;
			buildConfigurationList = B8A02DA82CD52E24006C5AAC /* Build configuration list for PBXNativeTarget "معكUITests" */;
			buildPhases = (
				B8A02D932CD52E24006C5AAC /* Sources */,
				B8A02D942CD52E24006C5AAC /* Frameworks */,
				B8A02D952CD52E24006C5AAC /* Resources */,
			);
			buildRules = (
			);
			dependencies = (
				B8A02D992CD52E24006C5AAC /* PBXTargetDependency */,
			);
			fileSystemSynchronizedGroups = (
				B8A02D9A2CD52E24006C5AAC /* معكUITests */,
			);
			name = "معكUITests";
			productName = "معكUITests";
			productReference = B8A02D972CD52E24006C5AAC /* معكUITests.xctest */;
			productType = "com.apple.product-type.bundle.ui-testing";
		};
/* End PBXNativeTarget section */

/* Begin PBXProject section */
		B8A02D6F2CD52E23006C5AAC /* Project object */ = {
			isa = PBXProject;
			attributes = {
				BuildIndependentTargetsInParallel = 1;
				LastSwiftUpdateCheck = 1600;
				LastUpgradeCheck = 1600;
				TargetAttributes = {
					B8A02D762CD52E24006C5AAC = {
						CreatedOnToolsVersion = 16.0;
					};
					B8A02D8C2CD52E24006C5AAC = {
						CreatedOnToolsVersion = 16.0;
						TestTargetID = B8A02D762CD52E24006C5AAC;
					};
					B8A02D962CD52E24006C5AAC = {
						CreatedOnToolsVersion = 16.0;
						TestTargetID = B8A02D762CD52E24006C5AAC;
					};
				};
			};
			buildConfigurationList = B8A02D722CD52E23006C5AAC /* Build configuration list for PBXProject "معك" */;
			developmentRegion = en;
			hasScannedForEncodings = 0;
			knownRegions = (
				en,
				Base,
			);
			mainGroup = B8A02D6E2CD52E23006C5AAC;
			minimizedProjectReferenceProxies = 1;
			preferredProjectObjectVersion = 77;
			productRefGroup = B8A02D782CD52E24006C5AAC /* Products */;
			projectDirPath = "";
			projectRoot = "";
			targets = (
				B8A02D762CD52E24006C5AAC /* معك */,
				B8A02D8C2CD52E24006C5AAC /* معكTests */,
				B8A02D962CD52E24006C5AAC /* معكUITests */,
			);
		};
/* End PBXProject section */

/* Begin PBXResourcesBuildPhase section */
		B8A02D752CD52E24006C5AAC /* Resources */ = {
			isa = PBXResourcesBuildPhase;
			buildActionMask = 2147483647;
			files = (
			);
			runOnlyForDeploymentPostprocessing = 0;
		};
		B8A02D8B2CD52E24006C5AAC /* Resources */ = {
			isa = PBXResourcesBuildPhase;
			buildActionMask = 2147483647;
			files = (
			);
			runOnlyForDeploymentPostprocessing = 0;
		};
		B8A02D952CD52E24006C5AAC /* Resources */ = {
			isa = PBXResourcesBuildPhase;
			buildActionMask = 2147483647;
			files = (
			);
			runOnlyForDeploymentPostprocessing = 0;
		};
/* End PBXResourcesBuildPhase section */

/* Begin PBXShellScriptBuildPhase section */
		6C563771723B5C5C6CFCFD49 /* [CP] Check Pods Manifest.lock */ = {
			isa = PBXShellScriptBuildPhase;
			buildActionMask = 2147483647;
			files = (
			);
			inputFileListPaths = (
			);
			inputPaths = (
				"${PODS_PODFILE_DIR_PATH}/Podfile.lock",
				"${PODS_ROOT}/Manifest.lock",
			);
			name = "[CP] Check Pods Manifest.lock";
			outputFileListPaths = (
			);
			outputPaths = (
				"$(DERIVED_FILE_DIR)/Pods-معك-checkManifestLockResult.txt",
			);
			runOnlyForDeploymentPostprocessing = 0;
			shellPath = /bin/sh;
			shellScript = "diff \"${PODS_PODFILE_DIR_PATH}/Podfile.lock\" \"${PODS_ROOT}/Manifest.lock\" > /dev/null\nif [ $? != 0 ] ; then\n    # print error to STDERR\n    echo \"error: The sandbox is not in sync with the Podfile.lock. Run 'pod install' or update your CocoaPods installation.\" >&2\n    exit 1\nfi\n# This output is used by Xcode 'outputs' to avoid re-running this script phase.\necho \"SUCCESS\" > \"${SCRIPT_OUTPUT_FILE_0}\"\n";
			showEnvVarsInLog = 0;
		};
		944A174B379BD355F9C9AFAB /* [CP] Copy Pods Resources */ = {
			isa = PBXShellScriptBuildPhase;
			buildActionMask = 2147483647;
			files = (
			);
			inputFileListPaths = (
				"${PODS_ROOT}/Target Support Files/Pods-معك/Pods-معك-resources-${CONFIGURATION}-input-files.xcfilelist",
			);
			name = "[CP] Copy Pods Resources";
			outputFileListPaths = (
				"${PODS_ROOT}/Target Support Files/Pods-معك/Pods-معك-resources-${CONFIGURATION}-output-files.xcfilelist",
			);
			runOnlyForDeploymentPostprocessing = 0;
			shellPath = /bin/sh;
			shellScript = "\"${PODS_ROOT}/Target Support Files/Pods-معك/Pods-معك-resources.sh\"\n";
			showEnvVarsInLog = 0;
		};
/* End PBXShellScriptBuildPhase section */

/* Begin PBXSourcesBuildPhase section */
		B8A02D732CD52E24006C5AAC /* Sources */ = {
			isa = PBXSourcesBuildPhase;
			buildActionMask = 2147483647;
			files = (
			);
			runOnlyForDeploymentPostprocessing = 0;
		};
		B8A02D892CD52E24006C5AAC /* Sources */ = {
			isa = PBXSourcesBuildPhase;
			buildActionMask = 2147483647;
			files = (
			);
			runOnlyForDeploymentPostprocessing = 0;
		};
		B8A02D932CD52E24006C5AAC /* Sources */ = {
			isa = PBXSourcesBuildPhase;
			buildActionMask = 2147483647;
			files = (
			);
			runOnlyForDeploymentPostprocessing = 0;
		};
/* End PBXSourcesBuildPhase section */

/* Begin PBXTargetDependency section */
		B8A02D8F2CD52E24006C5AAC /* PBXTargetDependency */ = {
			isa = PBXTargetDependency;
			target = B8A02D762CD52E24006C5AAC /* معك */;
			targetProxy = B8A02D8E2CD52E24006C5AAC /* PBXContainerItemProxy */;
		};
		B8A02D992CD52E24006C5AAC /* PBXTargetDependency */ = {
			isa = PBXTargetDependency;
			target = B8A02D762CD52E24006C5AAC /* معك */;
			targetProxy = B8A02D982CD52E24006C5AAC /* PBXContainerItemProxy */;
		};
/* End PBXTargetDependency section */

/* Begin XCBuildConfiguration section */
		B8A02DA12CD52E24006C5AAC /* Debug */ = {
			isa = XCBuildConfiguration;
			baseConfigurationReference = A2EBAAE766112FDDB8D145E2 /* Pods-معك.debug.xcconfig */;
			buildSettings = {
				ASSETCATALOG_COMPILER_APPICON_NAME = AppIcon;
				ASSETCATALOG_COMPILER_GLOBAL_ACCENT_COLOR_NAME = AccentColor;
				CODE_SIGN_STYLE = Automatic;
				CURRENT_PROJECT_VERSION = 1;
				GENERATE_INFOPLIST_FILE = YES;
				INFOPLIST_FILE = "معك/Info.plist";
				INFOPLIST_KEY_UIApplicationSupportsIndirectInputEvents = YES;
				INFOPLIST_KEY_UILaunchStoryboardName = LaunchScreen;
				INFOPLIST_KEY_UIMainStoryboardFile = Main;
				INFOPLIST_KEY_UISupportedInterfaceOrientations_iPad = "UIInterfaceOrientationPortrait UIInterfaceOrientationPortraitUpsideDown UIInterfaceOrientationLandscapeLeft UIInterfaceOrientationLandscapeRight";
				INFOPLIST_KEY_UISupportedInterfaceOrientations_iPhone = "UIInterfaceOrientationPortrait UIInterfaceOrientationLandscapeLeft UIInterfaceOrientationLandscapeRight";
				IPHONEOS_DEPLOYMENT_TARGET = 16.0;
				LD_RUNPATH_SEARCH_PATHS = (
					"$(inherited)",
					"@executable_path/Frameworks",
				);
				MARKETING_VERSION = 1.0;
				PRODUCT_BUNDLE_IDENTIFIER = "ios3.with-you";
				PRODUCT_NAME = "$(TARGET_NAME)";
				SWIFT_EMIT_LOC_STRINGS = YES;
				SWIFT_VERSION = 5.0;
				TARGETED_DEVICE_FAMILY = "1,2";
			};
			name = Debug;
		};
		B8A02DA22CD52E24006C5AAC /* Release */ = {
			isa = XCBuildConfiguration;
			baseConfigurationReference = BB4E98FDB30732CCC3649CED /* Pods-معك.release.xcconfig */;
			buildSettings = {
				ASSETCATALOG_COMPILER_APPICON_NAME = AppIcon;
				ASSETCATALOG_COMPILER_GLOBAL_ACCENT_COLOR_NAME = AccentColor;
				CODE_SIGN_STYLE = Automatic;
				CURRENT_PROJECT_VERSION = 1;
				GENERATE_INFOPLIST_FILE = YES;
				INFOPLIST_FILE = "معك/Info.plist";
				INFOPLIST_KEY_UIApplicationSupportsIndirectInputEvents = YES;
				INFOPLIST_KEY_UILaunchStoryboardName = LaunchScreen;
				INFOPLIST_KEY_UIMainStoryboardFile = Main;
				INFOPLIST_KEY_UISupportedInterfaceOrientations_iPad = "UIInterfaceOrientationPortrait UIInterfaceOrientationPortraitUpsideDown UIInterfaceOrientationLandscapeLeft UIInterfaceOrientationLandscapeRight";
				INFOPLIST_KEY_UISupportedInterfaceOrientations_iPhone = "UIInterfaceOrientationPortrait UIInterfaceOrientationLandscapeLeft UIInterfaceOrientationLandscapeRight";
				IPHONEOS_DEPLOYMENT_TARGET = 16.0;
				LD_RUNPATH_SEARCH_PATHS = (
					"$(inherited)",
					"@executable_path/Frameworks",
				);
				MARKETING_VERSION = 1.0;
				PRODUCT_BUNDLE_IDENTIFIER = "ios3.with-you";
				PRODUCT_NAME = "$(TARGET_NAME)";
				SWIFT_EMIT_LOC_STRINGS = YES;
				SWIFT_VERSION = 5.0;
				TARGETED_DEVICE_FAMILY = "1,2";
			};
			name = Release;
		};
		B8A02DA32CD52E24006C5AAC /* Debug */ = {
			isa = XCBuildConfiguration;
			buildSettings = {
				ALWAYS_SEARCH_USER_PATHS = NO;
				ASSETCATALOG_COMPILER_GENERATE_SWIFT_ASSET_SYMBOL_EXTENSIONS = YES;
				CLANG_ANALYZER_NONNULL = YES;
				CLANG_ANALYZER_NUMBER_OBJECT_CONVERSION = YES_AGGRESSIVE;
				CLANG_CXX_LANGUAGE_STANDARD = "gnu++20";
				CLANG_ENABLE_MODULES = YES;
				CLANG_ENABLE_OBJC_ARC = YES;
				CLANG_ENABLE_OBJC_WEAK = YES;
				CLANG_WARN_BLOCK_CAPTURE_AUTORELEASING = YES;
				CLANG_WARN_BOOL_CONVERSION = YES;
				CLANG_WARN_COMMA = YES;
				CLANG_WARN_CONSTANT_CONVERSION = YES;
				CLANG_WARN_DEPRECATED_OBJC_IMPLEMENTATIONS = YES;
				CLANG_WARN_DIRECT_OBJC_ISA_USAGE = YES_ERROR;
				CLANG_WARN_DOCUMENTATION_COMMENTS = YES;
				CLANG_WARN_EMPTY_BODY = YES;
				CLANG_WARN_ENUM_CONVERSION = YES;
				CLANG_WARN_INFINITE_RECURSION = YES;
				CLANG_WARN_INT_CONVERSION = YES;
				CLANG_WARN_NON_LITERAL_NULL_CONVERSION = YES;
				CLANG_WARN_OBJC_IMPLICIT_RETAIN_SELF = YES;
				CLANG_WARN_OBJC_LITERAL_CONVERSION = YES;
				CLANG_WARN_OBJC_ROOT_CLASS = YES_ERROR;
				CLANG_WARN_QUOTED_INCLUDE_IN_FRAMEWORK_HEADER = YES;
				CLANG_WARN_RANGE_LOOP_ANALYSIS = YES;
				CLANG_WARN_STRICT_PROTOTYPES = YES;
				CLANG_WARN_SUSPICIOUS_MOVE = YES;
				CLANG_WARN_UNGUARDED_AVAILABILITY = YES_AGGRESSIVE;
				CLANG_WARN_UNREACHABLE_CODE = YES;
				CLANG_WARN__DUPLICATE_METHOD_MATCH = YES;
				COPY_PHASE_STRIP = NO;
				DEBUG_INFORMATION_FORMAT = dwarf;
				ENABLE_STRICT_OBJC_MSGSEND = YES;
				ENABLE_TESTABILITY = YES;
				ENABLE_USER_SCRIPT_SANDBOXING = NO;
				GCC_C_LANGUAGE_STANDARD = gnu17;
				GCC_DYNAMIC_NO_PIC = NO;
				GCC_NO_COMMON_BLOCKS = YES;
				GCC_OPTIMIZATION_LEVEL = 0;
				GCC_PREPROCESSOR_DEFINITIONS = (
					"DEBUG=1",
					"$(inherited)",
				);
				GCC_WARN_64_TO_32_BIT_CONVERSION = YES;
				GCC_WARN_ABOUT_RETURN_TYPE = YES_ERROR;
				GCC_WARN_UNDECLARED_SELECTOR = YES;
				GCC_WARN_UNINITIALIZED_AUTOS = YES_AGGRESSIVE;
				GCC_WARN_UNUSED_FUNCTION = YES;
				GCC_WARN_UNUSED_VARIABLE = YES;
				IPHONEOS_DEPLOYMENT_TARGET = 18.0;
				LOCALIZATION_PREFERS_STRING_CATALOGS = YES;
				MTL_ENABLE_DEBUG_INFO = INCLUDE_SOURCE;
				MTL_FAST_MATH = YES;
				ONLY_ACTIVE_ARCH = YES;
				SDKROOT = iphoneos;
				SWIFT_ACTIVE_COMPILATION_CONDITIONS = "DEBUG $(inherited)";
				SWIFT_OPTIMIZATION_LEVEL = "-Onone";
			};
			name = Debug;
		};
		B8A02DA42CD52E24006C5AAC /* Release */ = {
			isa = XCBuildConfiguration;
			buildSettings = {
				ALWAYS_SEARCH_USER_PATHS = NO;
				ASSETCATALOG_COMPILER_GENERATE_SWIFT_ASSET_SYMBOL_EXTENSIONS = YES;
				CLANG_ANALYZER_NONNULL = YES;
				CLANG_ANALYZER_NUMBER_OBJECT_CONVERSION = YES_AGGRESSIVE;
				CLANG_CXX_LANGUAGE_STANDARD = "gnu++20";
				CLANG_ENABLE_MODULES = YES;
				CLANG_ENABLE_OBJC_ARC = YES;
				CLANG_ENABLE_OBJC_WEAK = YES;
				CLANG_WARN_BLOCK_CAPTURE_AUTORELEASING = YES;
				CLANG_WARN_BOOL_CONVERSION = YES;
				CLANG_WARN_COMMA = YES;
				CLANG_WARN_CONSTANT_CONVERSION = YES;
				CLANG_WARN_DEPRECATED_OBJC_IMPLEMENTATIONS = YES;
				CLANG_WARN_DIRECT_OBJC_ISA_USAGE = YES_ERROR;
				CLANG_WARN_DOCUMENTATION_COMMENTS = YES;
				CLANG_WARN_EMPTY_BODY = YES;
				CLANG_WARN_ENUM_CONVERSION = YES;
				CLANG_WARN_INFINITE_RECURSION = YES;
				CLANG_WARN_INT_CONVERSION = YES;
				CLANG_WARN_NON_LITERAL_NULL_CONVERSION = YES;
				CLANG_WARN_OBJC_IMPLICIT_RETAIN_SELF = YES;
				CLANG_WARN_OBJC_LITERAL_CONVERSION = YES;
				CLANG_WARN_OBJC_ROOT_CLASS = YES_ERROR;
				CLANG_WARN_QUOTED_INCLUDE_IN_FRAMEWORK_HEADER = YES;
				CLANG_WARN_RANGE_LOOP_ANALYSIS = YES;
				CLANG_WARN_STRICT_PROTOTYPES = YES;
				CLANG_WARN_SUSPICIOUS_MOVE = YES;
				CLANG_WARN_UNGUARDED_AVAILABILITY = YES_AGGRESSIVE;
				CLANG_WARN_UNREACHABLE_CODE = YES;
				CLANG_WARN__DUPLICATE_METHOD_MATCH = YES;
				COPY_PHASE_STRIP = NO;
				DEBUG_INFORMATION_FORMAT = "dwarf-with-dsym";
				ENABLE_NS_ASSERTIONS = NO;
				ENABLE_STRICT_OBJC_MSGSEND = YES;
				ENABLE_USER_SCRIPT_SANDBOXING = NO;
				GCC_C_LANGUAGE_STANDARD = gnu17;
				GCC_NO_COMMON_BLOCKS = YES;
				GCC_WARN_64_TO_32_BIT_CONVERSION = YES;
				GCC_WARN_ABOUT_RETURN_TYPE = YES_ERROR;
				GCC_WARN_UNDECLARED_SELECTOR = YES;
				GCC_WARN_UNINITIALIZED_AUTOS = YES_AGGRESSIVE;
				GCC_WARN_UNUSED_FUNCTION = YES;
				GCC_WARN_UNUSED_VARIABLE = YES;
				IPHONEOS_DEPLOYMENT_TARGET = 18.0;
				LOCALIZATION_PREFERS_STRING_CATALOGS = YES;
				MTL_ENABLE_DEBUG_INFO = NO;
				MTL_FAST_MATH = YES;
				SDKROOT = iphoneos;
				SWIFT_COMPILATION_MODE = wholemodule;
				VALIDATE_PRODUCT = YES;
			};
			name = Release;
		};
		B8A02DA62CD52E24006C5AAC /* Debug */ = {
			isa = XCBuildConfiguration;
			buildSettings = {
				BUNDLE_LOADER = "$(TEST_HOST)";
				CODE_SIGN_STYLE = Automatic;
				CURRENT_PROJECT_VERSION = 1;
				GENERATE_INFOPLIST_FILE = YES;
				IPHONEOS_DEPLOYMENT_TARGET = 18.0;
				MARKETING_VERSION = 1.0;
				PRODUCT_BUNDLE_IDENTIFIER = "ios3.---Tests";
				PRODUCT_NAME = "$(TARGET_NAME)";
				SWIFT_EMIT_LOC_STRINGS = NO;
				SWIFT_VERSION = 5.0;
				TARGETED_DEVICE_FAMILY = "1,2";
				TEST_HOST = "$(BUILT_PRODUCTS_DIR)/معك.app/$(BUNDLE_EXECUTABLE_FOLDER_PATH)/معك";
			};
			name = Debug;
		};
		B8A02DA72CD52E24006C5AAC /* Release */ = {
			isa = XCBuildConfiguration;
			buildSettings = {
				BUNDLE_LOADER = "$(TEST_HOST)";
				CODE_SIGN_STYLE = Automatic;
				CURRENT_PROJECT_VERSION = 1;
				GENERATE_INFOPLIST_FILE = YES;
				IPHONEOS_DEPLOYMENT_TARGET = 18.0;
				MARKETING_VERSION = 1.0;
				PRODUCT_BUNDLE_IDENTIFIER = "ios3.---Tests";
				PRODUCT_NAME = "$(TARGET_NAME)";
				SWIFT_EMIT_LOC_STRINGS = NO;
				SWIFT_VERSION = 5.0;
				TARGETED_DEVICE_FAMILY = "1,2";
				TEST_HOST = "$(BUILT_PRODUCTS_DIR)/معك.app/$(BUNDLE_EXECUTABLE_FOLDER_PATH)/معك";
			};
			name = Release;
		};
		B8A02DA92CD52E24006C5AAC /* Debug */ = {
			isa = XCBuildConfiguration;
			buildSettings = {
				CODE_SIGN_STYLE = Automatic;
				CURRENT_PROJECT_VERSION = 1;
				GENERATE_INFOPLIST_FILE = YES;
				MARKETING_VERSION = 1.0;
				PRODUCT_BUNDLE_IDENTIFIER = "ios3.---UITests";
				PRODUCT_NAME = "$(TARGET_NAME)";
				SWIFT_EMIT_LOC_STRINGS = NO;
				SWIFT_VERSION = 5.0;
				TARGETED_DEVICE_FAMILY = "1,2";
				TEST_TARGET_NAME = "معك";
			};
			name = Debug;
		};
		B8A02DAA2CD52E24006C5AAC /* Release */ = {
			isa = XCBuildConfiguration;
			buildSettings = {
				CODE_SIGN_STYLE = Automatic;
				CURRENT_PROJECT_VERSION = 1;
				GENERATE_INFOPLIST_FILE = YES;
				MARKETING_VERSION = 1.0;
				PRODUCT_BUNDLE_IDENTIFIER = "ios3.---UITests";
				PRODUCT_NAME = "$(TARGET_NAME)";
				SWIFT_EMIT_LOC_STRINGS = NO;
				SWIFT_VERSION = 5.0;
				TARGETED_DEVICE_FAMILY = "1,2";
				TEST_TARGET_NAME = "معك";
			};
			name = Release;
		};
/* End XCBuildConfiguration section */

/* Begin XCConfigurationList section */
		B8A02D722CD52E23006C5AAC /* Build configuration list for PBXProject "معك" */ = {
			isa = XCConfigurationList;
			buildConfigurations = (
				B8A02DA32CD52E24006C5AAC /* Debug */,
				B8A02DA42CD52E24006C5AAC /* Release */,
			);
			defaultConfigurationIsVisible = 0;
			defaultConfigurationName = Release;
		};
		B8A02DA02CD52E24006C5AAC /* Build configuration list for PBXNativeTarget "معك" */ = {
			isa = XCConfigurationList;
			buildConfigurations = (
				B8A02DA12CD52E24006C5AAC /* Debug */,
				B8A02DA22CD52E24006C5AAC /* Release */,
			);
			defaultConfigurationIsVisible = 0;
			defaultConfigurationName = Release;
		};
		B8A02DA52CD52E24006C5AAC /* Build configuration list for PBXNativeTarget "معكTests" */ = {
			isa = XCConfigurationList;
			buildConfigurations = (
				B8A02DA62CD52E24006C5AAC /* Debug */,
				B8A02DA72CD52E24006C5AAC /* Release */,
			);
			defaultConfigurationIsVisible = 0;
			defaultConfigurationName = Release;
		};
		B8A02DA82CD52E24006C5AAC /* Build configuration list for PBXNativeTarget "معكUITests" */ = {
			isa = XCConfigurationList;
			buildConfigurations = (
				B8A02DA92CD52E24006C5AAC /* Debug */,
				B8A02DAA2CD52E24006C5AAC /* Release */,
			);
			defaultConfigurationIsVisible = 0;
			defaultConfigurationName = Release;
		};
/* End XCConfigurationList section */
	};
	rootObject = B8A02D6F2CD52E23006C5AAC /* Project object */;
}
